
Microsoft Visual Studio Solution File, Format Version 12.00
# Visual Studio Version 16
VisualStudioVersion = 16.0.30320.27
MinimumVisualStudioVersion = 10.0.40219.1
Project("{FAE04EC0-301F-11D3-BF4B-00C04F79EFBC}") = "HayGym_API", "HayGym_API.csproj", "{ED487196-D73B-4ADC-974F-9446DB1002E2}"
EndProject
Global
	GlobalSection(SolutionConfigurationPlatforms) = preSolution
		Debug|Any CPU = Debug|Any CPU
		Release|Any CPU = Release|Any CPU
	EndGlobalSection
	GlobalSection(ProjectConfigurationPlatforms) = postSolution
		{ED487196-D73B-4ADC-974F-9446DB1002E2}.Debug|Any CPU.ActiveCfg = Debug|Any CPU
		{ED487196-D73B-4ADC-974F-9446DB1002E2}.Debug|Any CPU.Build.0 = Debug|Any CPU
		{ED487196-D73B-4ADC-974F-9446DB1002E2}.Release|Any CPU.ActiveCfg = Release|Any CPU
		{ED487196-D73B-4ADC-974F-9446DB1002E2}.Release|Any CPU.Build.0 = Release|Any CPU
	EndGlobalSection
	GlobalSection(SolutionProperties) = preSolution
		HideSolutionNode = FALSE
	EndGlobalSection
	GlobalSection(ExtensibilityGlobals) = postSolution
		SolutionGuid = {0B259F51-5B14-48F4-87BD-37ADDAD2F20F}
	EndGlobalSection
EndGlobal
